
Microsoft Visual Studio Solution File, Format Version 12.00
# Visual Studio Version 16
VisualStudioVersion = 16.0.30011.22
MinimumVisualStudioVersion = 10.0.40219.1
Project("{FAE04EC0-301F-11D3-BF4B-00C04F79EFBC}") = "HandwrittenDigitRecognition", "HandwrittenDigitRecognition\HandwrittenDigitRecognition.csproj", "{DB718B28-12D0-485C-B828-739B1E1A649C}"
EndProject
Global
	GlobalSection(SolutionConfigurationPlatforms) = preSolution
		Debug|Any CPU = Debug|Any CPU
		Release|Any CPU = Release|Any CPU
	EndGlobalSection
	GlobalSection(ProjectConfigurationPlatforms) = postSolution
		{DB718B28-12D0-485C-B828-739B1E1A649C}.Debug|Any CPU.ActiveCfg = Debug|Any CPU
		{DB718B28-12D0-485C-B828-739B1E1A649C}.Debug|Any CPU.Build.0 = Debug|Any CPU
		{DB718B28-12D0-485C-B828-739B1E1A649C}.Release|Any CPU.ActiveCfg = Release|Any CPU
		{DB718B28-12D0-485C-B828-739B1E1A649C}.Release|Any CPU.Build.0 = Release|Any CPU
	EndGlobalSection
	GlobalSection(SolutionProperties) = preSolution
		HideSolutionNode = FALSE
	EndGlobalSection
	GlobalSection(ExtensibilityGlobals) = postSolution
		SolutionGuid = {6057F8B8-1113-4057-9290-2AE8BB128412}
	EndGlobalSection
EndGlobal
